
Microsoft Visual Studio Solution File, Format Version 12.00
# Visual Studio Version 16
VisualStudioVersion = 16.0.30330.147
MinimumVisualStudioVersion = 10.0.40219.1
Project("{FAE04EC0-301F-11D3-BF4B-00C04F79EFBC}") = "HilosDeber", "HilosDeber\HilosDeber.csproj", "{4A01E35C-D53A-4291-A528-BFDB877473E1}"
EndProject
Global
	GlobalSection(SolutionConfigurationPlatforms) = preSolution
		Debug|Any CPU = Debug|Any CPU
		Release|Any CPU = Release|Any CPU
	EndGlobalSection
	GlobalSection(ProjectConfigurationPlatforms) = postSolution
		{4A01E35C-D53A-4291-A528-BFDB877473E1}.Debug|Any CPU.ActiveCfg = Debug|Any CPU
		{4A01E35C-D53A-4291-A528-BFDB877473E1}.Debug|Any CPU.Build.0 = Debug|Any CPU
		{4A01E35C-D53A-4291-A528-BFDB877473E1}.Release|Any CPU.ActiveCfg = Release|Any CPU
		{4A01E35C-D53A-4291-A528-BFDB877473E1}.Release|Any CPU.Build.0 = Release|Any CPU
	EndGlobalSection
	GlobalSection(SolutionProperties) = preSolution
		HideSolutionNode = FALSE
	EndGlobalSection
	GlobalSection(ExtensibilityGlobals) = postSolution
		SolutionGuid = {5D19BB54-9047-4BB5-B7EF-82453E1466E4}
	EndGlobalSection
EndGlobal
